{
  "nodes": {
    "home-manager": {
      "inputs": {
        "nixpkgs": [
          "nixpkgs"
        ]
      },
      "locked": {
        "lastModified": 1622917919,
        "narHash": "sha256-9gAIwbQyLhK78bEV648k4tfLK6JkYiPk9QdTECpLuOE=",
        "owner": "nix-community",
        "repo": "home-manager",
        "rev": "148d85ee8303444fb0116943787aa0b1b25f94df",
        "type": "github"
      },
      "original": {
        "owner": "nix-community",
        "ref": "release-21.05",
        "repo": "home-manager",
        "type": "github"
      }
    },
    "nixos-hardware": {
      "locked": {
        "lastModified": 1623143341,
        "narHash": "sha256-a8NjpJVvJkb3ehu/KP1OaWwlRexom2D7lQEH5uCO9yA=",
        "owner": "nixos",
        "repo": "nixos-hardware",
        "rev": "fccbee72df707c3fb074854668deee6e1ff02351",
        "type": "github"
      },
      "original": {
        "owner": "nixos",
        "repo": "nixos-hardware",
        "type": "github"
      }
    },
    "nixpkgs": {
      "locked": {
        "lastModified": 1622922048,
        "narHash": "sha256-nTyKxe0n7l/4HSmYaIN+63WQrvHrTJY6drSwP7bMqhU=",
        "owner": "NixOS",
        "repo": "nixpkgs",
        "rev": "5de44c15758465f8ddf84d541ba300b48e56eda4",
        "type": "github"
      },
      "original": {
        "id": "nixpkgs",
        "ref": "nixos-21.05",
        "type": "indirect"
      }
    },
    "root": {
      "inputs": {
        "home-manager": "home-manager",
        "nixos-hardware": "nixos-hardware",
        "nixpkgs": "nixpkgs"
      }
    }
  },
  "root": "root",
  "version": 7
}
